
Microsoft Visual Studio Solution File, Format Version 12.00
# Visual Studio Version 17
VisualStudioVersion = 17.7.34031.279
MinimumVisualStudioVersion = 10.0.40219.1
Project("{9A19103F-16F7-4668-BE54-9A1E7A4F7556}") = "LibraryDB", "LibraryDB\LibraryDB.csproj", "{0C82CEFA-6A23-487B-A91A-40B4710ABDF6}"
EndProject
Project("{9A19103F-16F7-4668-BE54-9A1E7A4F7556}") = "Helpers", "Helpers\Helpers.csproj", "{22D1DCD6-3DC0-4341-803A-549773193B84}"
EndProject
Global
	GlobalSection(SolutionConfigurationPlatforms) = preSolution
		Debug|Any CPU = Debug|Any CPU
		Release|Any CPU = Release|Any CPU
	EndGlobalSection
	GlobalSection(ProjectConfigurationPlatforms) = postSolution
		{0C82CEFA-6A23-487B-A91A-40B4710ABDF6}.Debug|Any CPU.ActiveCfg = Debug|Any CPU
		{0C82CEFA-6A23-487B-A91A-40B4710ABDF6}.Debug|Any CPU.Build.0 = Debug|Any CPU
		{0C82CEFA-6A23-487B-A91A-40B4710ABDF6}.Release|Any CPU.ActiveCfg = Release|Any CPU
		{0C82CEFA-6A23-487B-A91A-40B4710ABDF6}.Release|Any CPU.Build.0 = Release|Any CPU
		{22D1DCD6-3DC0-4341-803A-549773193B84}.Debug|Any CPU.ActiveCfg = Debug|Any CPU
		{22D1DCD6-3DC0-4341-803A-549773193B84}.Debug|Any CPU.Build.0 = Debug|Any CPU
		{22D1DCD6-3DC0-4341-803A-549773193B84}.Release|Any CPU.ActiveCfg = Release|Any CPU
		{22D1DCD6-3DC0-4341-803A-549773193B84}.Release|Any CPU.Build.0 = Release|Any CPU
	EndGlobalSection
	GlobalSection(SolutionProperties) = preSolution
		HideSolutionNode = FALSE
	EndGlobalSection
	GlobalSection(ExtensibilityGlobals) = postSolution
		SolutionGuid = {B1806349-25B3-4A80-8E9A-EF7FA7EBE34D}
	EndGlobalSection
EndGlobal
